// !$*UTF8*$!
{
	archiveVersion = 1;
	classes = {
	};
	objectVersion = 46;
	objects = {

/* Begin PBXBuildFile section */
		8A0565131E087C9100E263FA /* AppDelegate.swift in Sources */ = {isa = PBXBuildFile; fileRef = 8A0565121E087C9100E263FA /* AppDelegate.swift */; };
		8A0565181E087C9100E263FA /* Main.storyboard in Resources */ = {isa = PBXBuildFile; fileRef = 8A0565161E087C9100E263FA /* Main.storyboard */; };
		8A05651B1E087C9100E263FA /* algos.xcdatamodeld in Sources */ = {isa = PBXBuildFile; fileRef = 8A0565191E087C9100E263FA /* algos.xcdatamodeld */; };
		8A05651D1E087C9100E263FA /* Assets.xcassets in Resources */ = {isa = PBXBuildFile; fileRef = 8A05651C1E087C9100E263FA /* Assets.xcassets */; };
		8A0565201E087C9100E263FA /* LaunchScreen.storyboard in Resources */ = {isa = PBXBuildFile; fileRef = 8A05651E1E087C9100E263FA /* LaunchScreen.storyboard */; };
		8A06D1A11E0F2D6200CF5754 /* AnimateCheckMarkDelegate.swift in Sources */ = {isa = PBXBuildFile; fileRef = 8A06D19F1E0F2D6200CF5754 /* AnimateCheckMarkDelegate.swift */; };
		8A06D1A21E0F2D6200CF5754 /* PhotoMenuDelegate.swift in Sources */ = {isa = PBXBuildFile; fileRef = 8A06D1A01E0F2D6200CF5754 /* PhotoMenuDelegate.swift */; };
		8A06D1A71E0F2DBF00CF5754 /* AlgosTableViewCell.swift in Sources */ = {isa = PBXBuildFile; fileRef = 8A06D1A41E0F2DBF00CF5754 /* AlgosTableViewCell.swift */; };
		8A06D1A81E0F2DBF00CF5754 /* PhotosTableViewCell.swift in Sources */ = {isa = PBXBuildFile; fileRef = 8A06D1A51E0F2DBF00CF5754 /* PhotosTableViewCell.swift */; };
		8A06D1A91E0F2DBF00CF5754 /* TracksTableViewCell.swift in Sources */ = {isa = PBXBuildFile; fileRef = 8A06D1A61E0F2DBF00CF5754 /* TracksTableViewCell.swift */; };
		8A06D1B21E0F2DE400CF5754 /* AlgoDetailsViewController.swift in Sources */ = {isa = PBXBuildFile; fileRef = 8A06D1AB1E0F2DE400CF5754 /* AlgoDetailsViewController.swift */; };
		8A06D1B31E0F2DE400CF5754 /* ContainerViewController.swift in Sources */ = {isa = PBXBuildFile; fileRef = 8A06D1AC1E0F2DE400CF5754 /* ContainerViewController.swift */; };
		8A06D1B41E0F2DE400CF5754 /* LeaderboardViewController.swift in Sources */ = {isa = PBXBuildFile; fileRef = 8A06D1AD1E0F2DE400CF5754 /* LeaderboardViewController.swift */; };
		8A06D1B51E0F2DE400CF5754 /* MenuViewController.swift in Sources */ = {isa = PBXBuildFile; fileRef = 8A06D1AE1E0F2DE400CF5754 /* MenuViewController.swift */; };
		8A06D1B61E0F2DE400CF5754 /* ProfileViewController.swift in Sources */ = {isa = PBXBuildFile; fileRef = 8A06D1AF1E0F2DE400CF5754 /* ProfileViewController.swift */; };
		8A06D1B71E0F2DE400CF5754 /* TrackDetailsViewController.swift in Sources */ = {isa = PBXBuildFile; fileRef = 8A06D1B01E0F2DE400CF5754 /* TrackDetailsViewController.swift */; };
		8A06D1B81E0F2DE400CF5754 /* TracksViewController.swift in Sources */ = {isa = PBXBuildFile; fileRef = 8A06D1B11E0F2DE400CF5754 /* TracksViewController.swift */; };
		8A06D1BA1E0F6D5900CF5754 /* UpdateTDVCForPhotoDeleteDelegate.swift in Sources */ = {isa = PBXBuildFile; fileRef = 8A06D1B91E0F6D5900CF5754 /* UpdateTDVCForPhotoDeleteDelegate.swift */; };
		8A06D1DF1E10B2AF00CF5754 /* UpdateTDVCForPhotoAddDelegate.swift in Sources */ = {isa = PBXBuildFile; fileRef = 8A06D1DE1E10B2AF00CF5754 /* UpdateTDVCForPhotoAddDelegate.swift */; };
		8A06D1E21E10DA3700CF5754 /* Aerolite-Bold.otf in Resources */ = {isa = PBXBuildFile; fileRef = 8A06D1E11E10DA3700CF5754 /* Aerolite-Bold.otf */; };
		8A06D1E41E11B79500CF5754 /* AlgoHeaderTableViewCell.swift in Sources */ = {isa = PBXBuildFile; fileRef = 8A06D1E31E11B79500CF5754 /* AlgoHeaderTableViewCell.swift */; };
		8A49061A1E1764CF005AA2C0 /* SettingsViewController.swift in Sources */ = {isa = PBXBuildFile; fileRef = 8A4906191E1764CF005AA2C0 /* SettingsViewController.swift */; };
		8A750B311E15AC1F00CEE671 /* ImageZoomDelegate.swift in Sources */ = {isa = PBXBuildFile; fileRef = 8A750B301E15AC1F00CEE671 /* ImageZoomDelegate.swift */; };
		8A7BF6C61E15B60F004455D6 /* SWRevealViewController.m in Sources */ = {isa = PBXBuildFile; fileRef = 8A7BF6C51E15B60F004455D6 /* SWRevealViewController.m */; };
		8A7BF6C81E15B942004455D6 /* PhotoZoomViewController.swift in Sources */ = {isa = PBXBuildFile; fileRef = 8A7BF6C71E15B942004455D6 /* PhotoZoomViewController.swift */; };
		8A7BF6CA1E15FA8B004455D6 /* CustomPhotoAlbum.swift in Sources */ = {isa = PBXBuildFile; fileRef = 8A7BF6C91E15FA8B004455D6 /* CustomPhotoAlbum.swift */; };
		A470B5FC7088B722A421CBB0 /* Pods_algos.framework in Frameworks */ = {isa = PBXBuildFile; fileRef = F1495483ABAC41C68E12A192 /* Pods_algos.framework */; };
		F123C3361E60D5A00058AB1F /* ShowLoginDelegate.swift in Sources */ = {isa = PBXBuildFile; fileRef = F123C3351E60D5A00058AB1F /* ShowLoginDelegate.swift */; };
		F135ECAE1E64AF9C00CBCE74 /* ShowRegisterDelegate.swift in Sources */ = {isa = PBXBuildFile; fileRef = F135ECAD1E64AF9C00CBCE74 /* ShowRegisterDelegate.swift */; };
		F139F0C51E5782F900392AA9 /* RegViewController.swift in Sources */ = {isa = PBXBuildFile; fileRef = F139F0C41E5782F900392AA9 /* RegViewController.swift */; };
		F17E83E01E5F9013004180F3 /* LoginViewController.swift in Sources */ = {isa = PBXBuildFile; fileRef = F17E83DF1E5F9013004180F3 /* LoginViewController.swift */; };
		F18CF5BB1E64F50C003249CF /* User.swift in Sources */ = {isa = PBXBuildFile; fileRef = F18CF5BA1E64F50C003249CF /* User.swift */; };
/* End PBXBuildFile section */

/* Begin PBXFileReference section */
		6904F5503252F7C65F46D1C9 /* Pods-algos.debug.xcconfig */ = {isa = PBXFileReference; includeInIndex = 1; lastKnownFileType = text.xcconfig; name = "Pods-algos.debug.xcconfig"; path = "Pods/Target Support Files/Pods-algos/Pods-algos.debug.xcconfig"; sourceTree = "<group>"; };
		8A05650F1E087C9100E263FA /* algos.app */ = {isa = PBXFileReference; explicitFileType = wrapper.application; includeInIndex = 0; path = algos.app; sourceTree = BUILT_PRODUCTS_DIR; };
		8A0565121E087C9100E263FA /* AppDelegate.swift */ = {isa = PBXFileReference; lastKnownFileType = sourcecode.swift; path = AppDelegate.swift; sourceTree = "<group>"; };
		8A0565171E087C9100E263FA /* Base */ = {isa = PBXFileReference; lastKnownFileType = file.storyboard; name = Base; path = Base.lproj/Main.storyboard; sourceTree = "<group>"; };
		8A05651A1E087C9100E263FA /* algos.xcdatamodel */ = {isa = PBXFileReference; lastKnownFileType = wrapper.xcdatamodel; path = algos.xcdatamodel; sourceTree = "<group>"; };
		8A05651C1E087C9100E263FA /* Assets.xcassets */ = {isa = PBXFileReference; lastKnownFileType = folder.assetcatalog; path = Assets.xcassets; sourceTree = "<group>"; };
		8A05651F1E087C9100E263FA /* Base */ = {isa = PBXFileReference; lastKnownFileType = file.storyboard; name = Base; path = Base.lproj/LaunchScreen.storyboard; sourceTree = "<group>"; };
		8A0565211E087C9100E263FA /* Info.plist */ = {isa = PBXFileReference; lastKnownFileType = text.plist.xml; path = Info.plist; sourceTree = "<group>"; };
		8A06D19F1E0F2D6200CF5754 /* AnimateCheckMarkDelegate.swift */ = {isa = PBXFileReference; fileEncoding = 4; lastKnownFileType = sourcecode.swift; path = AnimateCheckMarkDelegate.swift; sourceTree = "<group>"; };
		8A06D1A01E0F2D6200CF5754 /* PhotoMenuDelegate.swift */ = {isa = PBXFileReference; fileEncoding = 4; lastKnownFileType = sourcecode.swift; path = PhotoMenuDelegate.swift; sourceTree = "<group>"; };
		8A06D1A41E0F2DBF00CF5754 /* AlgosTableViewCell.swift */ = {isa = PBXFileReference; fileEncoding = 4; lastKnownFileType = sourcecode.swift; path = AlgosTableViewCell.swift; sourceTree = "<group>"; };
		8A06D1A51E0F2DBF00CF5754 /* PhotosTableViewCell.swift */ = {isa = PBXFileReference; fileEncoding = 4; lastKnownFileType = sourcecode.swift; path = PhotosTableViewCell.swift; sourceTree = "<group>"; };
		8A06D1A61E0F2DBF00CF5754 /* TracksTableViewCell.swift */ = {isa = PBXFileReference; fileEncoding = 4; lastKnownFileType = sourcecode.swift; path = TracksTableViewCell.swift; sourceTree = "<group>"; };
		8A06D1AB1E0F2DE400CF5754 /* AlgoDetailsViewController.swift */ = {isa = PBXFileReference; fileEncoding = 4; lastKnownFileType = sourcecode.swift; path = AlgoDetailsViewController.swift; sourceTree = "<group>"; };
		8A06D1AC1E0F2DE400CF5754 /* ContainerViewController.swift */ = {isa = PBXFileReference; fileEncoding = 4; lastKnownFileType = sourcecode.swift; path = ContainerViewController.swift; sourceTree = "<group>"; };
		8A06D1AD1E0F2DE400CF5754 /* LeaderboardViewController.swift */ = {isa = PBXFileReference; fileEncoding = 4; lastKnownFileType = sourcecode.swift; path = LeaderboardViewController.swift; sourceTree = "<group>"; };
		8A06D1AE1E0F2DE400CF5754 /* MenuViewController.swift */ = {isa = PBXFileReference; fileEncoding = 4; lastKnownFileType = sourcecode.swift; path = MenuViewController.swift; sourceTree = "<group>"; };
		8A06D1AF1E0F2DE400CF5754 /* ProfileViewController.swift */ = {isa = PBXFileReference; fileEncoding = 4; lastKnownFileType = sourcecode.swift; path = ProfileViewController.swift; sourceTree = "<group>"; };
		8A06D1B01E0F2DE400CF5754 /* TrackDetailsViewController.swift */ = {isa = PBXFileReference; fileEncoding = 4; lastKnownFileType = sourcecode.swift; path = TrackDetailsViewController.swift; sourceTree = "<group>"; };
		8A06D1B11E0F2DE400CF5754 /* TracksViewController.swift */ = {isa = PBXFileReference; fileEncoding = 4; lastKnownFileType = sourcecode.swift; path = TracksViewController.swift; sourceTree = "<group>"; };
		8A06D1B91E0F6D5900CF5754 /* UpdateTDVCForPhotoDeleteDelegate.swift */ = {isa = PBXFileReference; fileEncoding = 4; lastKnownFileType = sourcecode.swift; path = UpdateTDVCForPhotoDeleteDelegate.swift; sourceTree = "<group>"; };
		8A06D1DE1E10B2AF00CF5754 /* UpdateTDVCForPhotoAddDelegate.swift */ = {isa = PBXFileReference; fileEncoding = 4; lastKnownFileType = sourcecode.swift; path = UpdateTDVCForPhotoAddDelegate.swift; sourceTree = "<group>"; };
		8A06D1E11E10DA3700CF5754 /* Aerolite-Bold.otf */ = {isa = PBXFileReference; lastKnownFileType = file; path = "Aerolite-Bold.otf"; sourceTree = "<group>"; };
		8A06D1E31E11B79500CF5754 /* AlgoHeaderTableViewCell.swift */ = {isa = PBXFileReference; fileEncoding = 4; lastKnownFileType = sourcecode.swift; path = AlgoHeaderTableViewCell.swift; sourceTree = "<group>"; };
		8A4906191E1764CF005AA2C0 /* SettingsViewController.swift */ = {isa = PBXFileReference; fileEncoding = 4; lastKnownFileType = sourcecode.swift; path = SettingsViewController.swift; sourceTree = "<group>"; };
		8A750B301E15AC1F00CEE671 /* ImageZoomDelegate.swift */ = {isa = PBXFileReference; fileEncoding = 4; lastKnownFileType = sourcecode.swift; path = ImageZoomDelegate.swift; sourceTree = "<group>"; };
		8A7BF6C31E15B60F004455D6 /* algos-Bridging-Header.h */ = {isa = PBXFileReference; fileEncoding = 4; lastKnownFileType = sourcecode.c.h; path = "algos-Bridging-Header.h"; sourceTree = "<group>"; };
		8A7BF6C41E15B60F004455D6 /* SWRevealViewController.h */ = {isa = PBXFileReference; fileEncoding = 4; lastKnownFileType = sourcecode.c.h; path = SWRevealViewController.h; sourceTree = "<group>"; };
		8A7BF6C51E15B60F004455D6 /* SWRevealViewController.m */ = {isa = PBXFileReference; fileEncoding = 4; lastKnownFileType = sourcecode.c.objc; path = SWRevealViewController.m; sourceTree = "<group>"; };
		8A7BF6C71E15B942004455D6 /* PhotoZoomViewController.swift */ = {isa = PBXFileReference; fileEncoding = 4; lastKnownFileType = sourcecode.swift; path = PhotoZoomViewController.swift; sourceTree = "<group>"; };
		8A7BF6C91E15FA8B004455D6 /* CustomPhotoAlbum.swift */ = {isa = PBXFileReference; fileEncoding = 4; lastKnownFileType = sourcecode.swift; path = CustomPhotoAlbum.swift; sourceTree = "<group>"; };
		CF7291695794839B0992642F /* Pods-algos.release.xcconfig */ = {isa = PBXFileReference; includeInIndex = 1; lastKnownFileType = text.xcconfig; name = "Pods-algos.release.xcconfig"; path = "Pods/Target Support Files/Pods-algos/Pods-algos.release.xcconfig"; sourceTree = "<group>"; };
		F123C3351E60D5A00058AB1F /* ShowLoginDelegate.swift */ = {isa = PBXFileReference; fileEncoding = 4; lastKnownFileType = sourcecode.swift; path = ShowLoginDelegate.swift; sourceTree = "<group>"; };
		F135ECAD1E64AF9C00CBCE74 /* ShowRegisterDelegate.swift */ = {isa = PBXFileReference; fileEncoding = 4; lastKnownFileType = sourcecode.swift; path = ShowRegisterDelegate.swift; sourceTree = "<group>"; };
		F139F0C41E5782F900392AA9 /* RegViewController.swift */ = {isa = PBXFileReference; fileEncoding = 4; lastKnownFileType = sourcecode.swift; path = RegViewController.swift; sourceTree = "<group>"; };
		F1495483ABAC41C68E12A192 /* Pods_algos.framework */ = {isa = PBXFileReference; explicitFileType = wrapper.framework; includeInIndex = 0; path = Pods_algos.framework; sourceTree = BUILT_PRODUCTS_DIR; };
		F17E83DF1E5F9013004180F3 /* LoginViewController.swift */ = {isa = PBXFileReference; fileEncoding = 4; lastKnownFileType = sourcecode.swift; path = LoginViewController.swift; sourceTree = "<group>"; };
		F18CF5BA1E64F50C003249CF /* User.swift */ = {isa = PBXFileReference; fileEncoding = 4; lastKnownFileType = sourcecode.swift; path = User.swift; sourceTree = "<group>"; };
/* End PBXFileReference section */

/* Begin PBXFrameworksBuildPhase section */
		8A05650C1E087C9100E263FA /* Frameworks */ = {
			isa = PBXFrameworksBuildPhase;
			buildActionMask = 2147483647;
			files = (
				A470B5FC7088B722A421CBB0 /* Pods_algos.framework in Frameworks */,
			);
			runOnlyForDeploymentPostprocessing = 0;
		};
/* End PBXFrameworksBuildPhase section */

/* Begin PBXGroup section */
		15909CD1DD84F5E389E6895C /* Frameworks */ = {
			isa = PBXGroup;
			children = (
				F1495483ABAC41C68E12A192 /* Pods_algos.framework */,
			);
			name = Frameworks;
			sourceTree = "<group>";
		};
		8A0565061E087C9100E263FA = {
			isa = PBXGroup;
			children = (
				8A0565111E087C9100E263FA /* algos */,
				8A0565101E087C9100E263FA /* Products */,
				C65CAA1201517A3BFFE6F93F /* Pods */,
				15909CD1DD84F5E389E6895C /* Frameworks */,
			);
			sourceTree = "<group>";
		};
		8A0565101E087C9100E263FA /* Products */ = {
			isa = PBXGroup;
			children = (
				8A05650F1E087C9100E263FA /* algos.app */,
			);
			name = Products;
			sourceTree = "<group>";
		};
		8A0565111E087C9100E263FA /* algos */ = {
			isa = PBXGroup;
			children = (
				8A7BF6C21E15B60F004455D6 /* SWRevealViewController */,
				8A0565121E087C9100E263FA /* AppDelegate.swift */,
				8A0565161E087C9100E263FA /* Main.storyboard */,
				8A06D1AA1E0F2DE400CF5754 /* View Controllers */,
				8A05651C1E087C9100E263FA /* Assets.xcassets */,
				8A05651E1E087C9100E263FA /* LaunchScreen.storyboard */,
				8A0565211E087C9100E263FA /* Info.plist */,
				8A0565191E087C9100E263FA /* algos.xcdatamodeld */,
				F18CF5B91E64F50C003249CF /* Classes */,
				8A06D1A31E0F2DBF00CF5754 /* Custom Cells */,
				8A06D19E1E0F2D6200CF5754 /* Protocols */,
				8A06D1E01E10DA3700CF5754 /* Fonts */,
				8A7BF6C91E15FA8B004455D6 /* CustomPhotoAlbum.swift */,
			);
			path = algos;
			sourceTree = "<group>";
		};
		8A06D19E1E0F2D6200CF5754 /* Protocols */ = {
			isa = PBXGroup;
			children = (
				8A06D19F1E0F2D6200CF5754 /* AnimateCheckMarkDelegate.swift */,
				8A06D1A01E0F2D6200CF5754 /* PhotoMenuDelegate.swift */,
				8A06D1B91E0F6D5900CF5754 /* UpdateTDVCForPhotoDeleteDelegate.swift */,
				8A06D1DE1E10B2AF00CF5754 /* UpdateTDVCForPhotoAddDelegate.swift */,
				8A750B301E15AC1F00CEE671 /* ImageZoomDelegate.swift */,
				F123C3351E60D5A00058AB1F /* ShowLoginDelegate.swift */,
				F135ECAD1E64AF9C00CBCE74 /* ShowRegisterDelegate.swift */,
			);
			path = Protocols;
			sourceTree = "<group>";
		};
		8A06D1A31E0F2DBF00CF5754 /* Custom Cells */ = {
			isa = PBXGroup;
			children = (
				8A06D1A61E0F2DBF00CF5754 /* TracksTableViewCell.swift */,
				8A06D1A41E0F2DBF00CF5754 /* AlgosTableViewCell.swift */,
				8A06D1E31E11B79500CF5754 /* AlgoHeaderTableViewCell.swift */,
				8A06D1A51E0F2DBF00CF5754 /* PhotosTableViewCell.swift */,
			);
			path = "Custom Cells";
			sourceTree = "<group>";
		};
		8A06D1AA1E0F2DE400CF5754 /* View Controllers */ = {
			isa = PBXGroup;
			children = (
				8A06D1AF1E0F2DE400CF5754 /* ProfileViewController.swift */,
				8A06D1AD1E0F2DE400CF5754 /* LeaderboardViewController.swift */,
				8A06D1AC1E0F2DE400CF5754 /* ContainerViewController.swift */,
				8A06D1AE1E0F2DE400CF5754 /* MenuViewController.swift */,
				8A4906191E1764CF005AA2C0 /* SettingsViewController.swift */,
				8A06D1B11E0F2DE400CF5754 /* TracksViewController.swift */,
				8A06D1B01E0F2DE400CF5754 /* TrackDetailsViewController.swift */,
				8A06D1AB1E0F2DE400CF5754 /* AlgoDetailsViewController.swift */,
				8A7BF6C71E15B942004455D6 /* PhotoZoomViewController.swift */,
				F139F0C41E5782F900392AA9 /* RegViewController.swift */,
				F17E83DF1E5F9013004180F3 /* LoginViewController.swift */,
			);
			path = "View Controllers";
			sourceTree = "<group>";
		};
		8A06D1E01E10DA3700CF5754 /* Fonts */ = {
			isa = PBXGroup;
			children = (
				8A06D1E11E10DA3700CF5754 /* Aerolite-Bold.otf */,
			);
			path = Fonts;
			sourceTree = "<group>";
		};
		8A7BF6C21E15B60F004455D6 /* SWRevealViewController */ = {
			isa = PBXGroup;
			children = (
				8A7BF6C31E15B60F004455D6 /* algos-Bridging-Header.h */,
				8A7BF6C41E15B60F004455D6 /* SWRevealViewController.h */,
				8A7BF6C51E15B60F004455D6 /* SWRevealViewController.m */,
			);
			name = SWRevealViewController;
			path = SWRevealVC;
			sourceTree = "<group>";
		};
		C65CAA1201517A3BFFE6F93F /* Pods */ = {
			isa = PBXGroup;
			children = (
				6904F5503252F7C65F46D1C9 /* Pods-algos.debug.xcconfig */,
				CF7291695794839B0992642F /* Pods-algos.release.xcconfig */,
			);
			name = Pods;
			sourceTree = "<group>";
		};
		F18CF5B91E64F50C003249CF /* Classes */ = {
			isa = PBXGroup;
			children = (
				F18CF5BA1E64F50C003249CF /* User.swift */,
			);
			path = Classes;
			sourceTree = "<group>";
		};
/* End PBXGroup section */

/* Begin PBXNativeTarget section */
		8A05650E1E087C9100E263FA /* algos */ = {
			isa = PBXNativeTarget;
			buildConfigurationList = 8A0565241E087C9100E263FA /* Build configuration list for PBXNativeTarget "algos" */;
			buildPhases = (
				23E3D67949B4A797C9FB497F /* [CP] Check Pods Manifest.lock */,
				8A05650B1E087C9100E263FA /* Sources */,
				8A05650C1E087C9100E263FA /* Frameworks */,
				8A05650D1E087C9100E263FA /* Resources */,
				9E20BE614F06F12DDF657027 /* [CP] Embed Pods Frameworks */,
				56F9F10A1EC97359AEB18588 /* [CP] Copy Pods Resources */,
			);
			buildRules = (
			);
			dependencies = (
			);
			name = algos;
			productName = algos;
			productReference = 8A05650F1E087C9100E263FA /* algos.app */;
			productType = "com.apple.product-type.application";
		};
/* End PBXNativeTarget section */

/* Begin PBXProject section */
		8A0565071E087C9100E263FA /* Project object */ = {
			isa = PBXProject;
			attributes = {
				LastSwiftUpdateCheck = 0820;
				LastUpgradeCheck = 0820;
				ORGANIZATIONNAME = "Andy Feng";
				TargetAttributes = {
					8A05650E1E087C9100E263FA = {
						CreatedOnToolsVersion = 8.2;
						DevelopmentTeam = UJBSBJQ26X;
						LastSwiftMigration = 0820;
						ProvisioningStyle = Automatic;
					};
				};
			};
			buildConfigurationList = 8A05650A1E087C9100E263FA /* Build configuration list for PBXProject "algos" */;
			compatibilityVersion = "Xcode 3.2";
			developmentRegion = English;
			hasScannedForEncodings = 0;
			knownRegions = (
				en,
				Base,
			);
			mainGroup = 8A0565061E087C9100E263FA;
			productRefGroup = 8A0565101E087C9100E263FA /* Products */;
			projectDirPath = "";
			projectRoot = "";
			targets = (
				8A05650E1E087C9100E263FA /* algos */,
			);
		};
/* End PBXProject section */

/* Begin PBXResourcesBuildPhase section */
		8A05650D1E087C9100E263FA /* Resources */ = {
			isa = PBXResourcesBuildPhase;
			buildActionMask = 2147483647;
			files = (
				8A0565201E087C9100E263FA /* LaunchScreen.storyboard in Resources */,
				8A05651D1E087C9100E263FA /* Assets.xcassets in Resources */,
				8A0565181E087C9100E263FA /* Main.storyboard in Resources */,
				8A06D1E21E10DA3700CF5754 /* Aerolite-Bold.otf in Resources */,
			);
			runOnlyForDeploymentPostprocessing = 0;
		};
/* End PBXResourcesBuildPhase section */

/* Begin PBXShellScriptBuildPhase section */
		23E3D67949B4A797C9FB497F /* [CP] Check Pods Manifest.lock */ = {
			isa = PBXShellScriptBuildPhase;
			buildActionMask = 2147483647;
			files = (
			);
			inputPaths = (
			);
			name = "[CP] Check Pods Manifest.lock";
			outputPaths = (
			);
			runOnlyForDeploymentPostprocessing = 0;
			shellPath = /bin/sh;
			shellScript = "diff \"${PODS_ROOT}/../Podfile.lock\" \"${PODS_ROOT}/Manifest.lock\" > /dev/null\nif [ $? != 0 ] ; then\n    # print error to STDERR\n    echo \"error: The sandbox is not in sync with the Podfile.lock. Run 'pod install' or update your CocoaPods installation.\" >&2\n    exit 1\nfi\n";
			showEnvVarsInLog = 0;
		};
		56F9F10A1EC97359AEB18588 /* [CP] Copy Pods Resources */ = {
			isa = PBXShellScriptBuildPhase;
			buildActionMask = 2147483647;
			files = (
			);
			inputPaths = (
			);
			name = "[CP] Copy Pods Resources";
			outputPaths = (
			);
			runOnlyForDeploymentPostprocessing = 0;
			shellPath = /bin/sh;
			shellScript = "\"${SRCROOT}/Pods/Target Support Files/Pods-algos/Pods-algos-resources.sh\"\n";
			showEnvVarsInLog = 0;
		};
		9E20BE614F06F12DDF657027 /* [CP] Embed Pods Frameworks */ = {
			isa = PBXShellScriptBuildPhase;
			buildActionMask = 2147483647;
			files = (
			);
			inputPaths = (
			);
			name = "[CP] Embed Pods Frameworks";
			outputPaths = (
			);
			runOnlyForDeploymentPostprocessing = 0;
			shellPath = /bin/sh;
			shellScript = "\"${SRCROOT}/Pods/Target Support Files/Pods-algos/Pods-algos-frameworks.sh\"\n";
			showEnvVarsInLog = 0;
		};
/* End PBXShellScriptBuildPhase section */

/* Begin PBXSourcesBuildPhase section */
		8A05650B1E087C9100E263FA /* Sources */ = {
			isa = PBXSourcesBuildPhase;
			buildActionMask = 2147483647;
			files = (
				8A06D1A21E0F2D6200CF5754 /* PhotoMenuDelegate.swift in Sources */,
				8A06D1B61E0F2DE400CF5754 /* ProfileViewController.swift in Sources */,
				F139F0C51E5782F900392AA9 /* RegViewController.swift in Sources */,
				F123C3361E60D5A00058AB1F /* ShowLoginDelegate.swift in Sources */,
				8A7BF6C81E15B942004455D6 /* PhotoZoomViewController.swift in Sources */,
				F18CF5BB1E64F50C003249CF /* User.swift in Sources */,
				8A06D1B21E0F2DE400CF5754 /* AlgoDetailsViewController.swift in Sources */,
				8A06D1A81E0F2DBF00CF5754 /* PhotosTableViewCell.swift in Sources */,
				8A06D1BA1E0F6D5900CF5754 /* UpdateTDVCForPhotoDeleteDelegate.swift in Sources */,
				8A06D1B41E0F2DE400CF5754 /* LeaderboardViewController.swift in Sources */,
				8A06D1A91E0F2DBF00CF5754 /* TracksTableViewCell.swift in Sources */,
				8A7BF6C61E15B60F004455D6 /* SWRevealViewController.m in Sources */,
				8A06D1E41E11B79500CF5754 /* AlgoHeaderTableViewCell.swift in Sources */,
				8A06D1B81E0F2DE400CF5754 /* TracksViewController.swift in Sources */,
				F17E83E01E5F9013004180F3 /* LoginViewController.swift in Sources */,
				8A05651B1E087C9100E263FA /* algos.xcdatamodeld in Sources */,
				8A7BF6CA1E15FA8B004455D6 /* CustomPhotoAlbum.swift in Sources */,
				8A49061A1E1764CF005AA2C0 /* SettingsViewController.swift in Sources */,
				8A0565131E087C9100E263FA /* AppDelegate.swift in Sources */,
				F135ECAE1E64AF9C00CBCE74 /* ShowRegisterDelegate.swift in Sources */,
				8A06D1B71E0F2DE400CF5754 /* TrackDetailsViewController.swift in Sources */,
				8A06D1B31E0F2DE400CF5754 /* ContainerViewController.swift in Sources */,
				8A06D1A11E0F2D6200CF5754 /* AnimateCheckMarkDelegate.swift in Sources */,
				8A750B311E15AC1F00CEE671 /* ImageZoomDelegate.swift in Sources */,
				8A06D1B51E0F2DE400CF5754 /* MenuViewController.swift in Sources */,
				8A06D1A71E0F2DBF00CF5754 /* AlgosTableViewCell.swift in Sources */,
				8A06D1DF1E10B2AF00CF5754 /* UpdateTDVCForPhotoAddDelegate.swift in Sources */,
			);
			runOnlyForDeploymentPostprocessing = 0;
		};
/* End PBXSourcesBuildPhase section */

/* Begin PBXVariantGroup section */
		8A0565161E087C9100E263FA /* Main.storyboard */ = {
			isa = PBXVariantGroup;
			children = (
				8A0565171E087C9100E263FA /* Base */,
			);
			name = Main.storyboard;
			sourceTree = "<group>";
		};
		8A05651E1E087C9100E263FA /* LaunchScreen.storyboard */ = {
			isa = PBXVariantGroup;
			children = (
				8A05651F1E087C9100E263FA /* Base */,
			);
			name = LaunchScreen.storyboard;
			sourceTree = "<group>";
		};
/* End PBXVariantGroup section */

/* Begin XCBuildConfiguration section */
		8A0565221E087C9100E263FA /* Debug */ = {
			isa = XCBuildConfiguration;
			buildSettings = {
				ALWAYS_SEARCH_USER_PATHS = NO;
				CLANG_ANALYZER_NONNULL = YES;
				CLANG_CXX_LANGUAGE_STANDARD = "gnu++0x";
				CLANG_CXX_LIBRARY = "libc++";
				CLANG_ENABLE_MODULES = YES;
				CLANG_ENABLE_OBJC_ARC = YES;
				CLANG_WARN_BOOL_CONVERSION = YES;
				CLANG_WARN_CONSTANT_CONVERSION = YES;
				CLANG_WARN_DIRECT_OBJC_ISA_USAGE = YES_ERROR;
				CLANG_WARN_DOCUMENTATION_COMMENTS = YES;
				CLANG_WARN_EMPTY_BODY = YES;
				CLANG_WARN_ENUM_CONVERSION = YES;
				CLANG_WARN_INFINITE_RECURSION = YES;
				CLANG_WARN_INT_CONVERSION = YES;
				CLANG_WARN_OBJC_ROOT_CLASS = YES_ERROR;
				CLANG_WARN_SUSPICIOUS_MOVE = YES;
				CLANG_WARN_UNREACHABLE_CODE = YES;
				CLANG_WARN__DUPLICATE_METHOD_MATCH = YES;
				"CODE_SIGN_IDENTITY[sdk=iphoneos*]" = "iPhone Developer";
				COPY_PHASE_STRIP = NO;
				DEBUG_INFORMATION_FORMAT = dwarf;
				ENABLE_STRICT_OBJC_MSGSEND = YES;
				ENABLE_TESTABILITY = YES;
				GCC_C_LANGUAGE_STANDARD = gnu99;
				GCC_DYNAMIC_NO_PIC = NO;
				GCC_NO_COMMON_BLOCKS = YES;
				GCC_OPTIMIZATION_LEVEL = 0;
				GCC_PREPROCESSOR_DEFINITIONS = (
					"DEBUG=1",
					"$(inherited)",
				);
				GCC_WARN_64_TO_32_BIT_CONVERSION = YES;
				GCC_WARN_ABOUT_RETURN_TYPE = YES_ERROR;
				GCC_WARN_UNDECLARED_SELECTOR = YES;
				GCC_WARN_UNINITIALIZED_AUTOS = YES_AGGRESSIVE;
				GCC_WARN_UNUSED_FUNCTION = YES;
				GCC_WARN_UNUSED_VARIABLE = YES;
				IPHONEOS_DEPLOYMENT_TARGET = 10.2;
				MTL_ENABLE_DEBUG_INFO = YES;
				ONLY_ACTIVE_ARCH = YES;
				SDKROOT = iphoneos;
				SWIFT_ACTIVE_COMPILATION_CONDITIONS = DEBUG;
				SWIFT_OPTIMIZATION_LEVEL = "-Onone";
				TARGETED_DEVICE_FAMILY = "1,2";
			};
			name = Debug;
		};
		8A0565231E087C9100E263FA /* Release */ = {
			isa = XCBuildConfiguration;
			buildSettings = {
				ALWAYS_SEARCH_USER_PATHS = NO;
				CLANG_ANALYZER_NONNULL = YES;
				CLANG_CXX_LANGUAGE_STANDARD = "gnu++0x";
				CLANG_CXX_LIBRARY = "libc++";
				CLANG_ENABLE_MODULES = YES;
				CLANG_ENABLE_OBJC_ARC = YES;
				CLANG_WARN_BOOL_CONVERSION = YES;
				CLANG_WARN_CONSTANT_CONVERSION = YES;
				CLANG_WARN_DIRECT_OBJC_ISA_USAGE = YES_ERROR;
				CLANG_WARN_DOCUMENTATION_COMMENTS = YES;
				CLANG_WARN_EMPTY_BODY = YES;
				CLANG_WARN_ENUM_CONVERSION = YES;
				CLANG_WARN_INFINITE_RECURSION = YES;
				CLANG_WARN_INT_CONVERSION = YES;
				CLANG_WARN_OBJC_ROOT_CLASS = YES_ERROR;
				CLANG_WARN_SUSPICIOUS_MOVE = YES;
				CLANG_WARN_UNREACHABLE_CODE = YES;
				CLANG_WARN__DUPLICATE_METHOD_MATCH = YES;
				"CODE_SIGN_IDENTITY[sdk=iphoneos*]" = "iPhone Developer";
				COPY_PHASE_STRIP = NO;
				DEBUG_INFORMATION_FORMAT = "dwarf-with-dsym";
				ENABLE_NS_ASSERTIONS = NO;
				ENABLE_STRICT_OBJC_MSGSEND = YES;
				GCC_C_LANGUAGE_STANDARD = gnu99;
				GCC_NO_COMMON_BLOCKS = YES;
				GCC_WARN_64_TO_32_BIT_CONVERSION = YES;
				GCC_WARN_ABOUT_RETURN_TYPE = YES_ERROR;
				GCC_WARN_UNDECLARED_SELECTOR = YES;
				GCC_WARN_UNINITIALIZED_AUTOS = YES_AGGRESSIVE;
				GCC_WARN_UNUSED_FUNCTION = YES;
				GCC_WARN_UNUSED_VARIABLE = YES;
				IPHONEOS_DEPLOYMENT_TARGET = 10.2;
				MTL_ENABLE_DEBUG_INFO = NO;
				SDKROOT = iphoneos;
				SWIFT_OPTIMIZATION_LEVEL = "-Owholemodule";
				TARGETED_DEVICE_FAMILY = "1,2";
				VALIDATE_PRODUCT = YES;
			};
			name = Release;
		};
		8A0565251E087C9100E263FA /* Debug */ = {
			isa = XCBuildConfiguration;
			baseConfigurationReference = 6904F5503252F7C65F46D1C9 /* Pods-algos.debug.xcconfig */;
			buildSettings = {
				ASSETCATALOG_COMPILER_APPICON_NAME = AppIcon;
				CLANG_ENABLE_MODULES = YES;
				DEVELOPMENT_TEAM = UJBSBJQ26X;
				INFOPLIST_FILE = algos/Info.plist;
				LD_RUNPATH_SEARCH_PATHS = "$(inherited) @executable_path/Frameworks";
				PRODUCT_BUNDLE_IDENTIFIER = com.algos;
				PRODUCT_NAME = "$(TARGET_NAME)";
				SWIFT_OBJC_BRIDGING_HEADER = "algos/SWRevealVC/algos-Bridging-Header.h";
				SWIFT_OPTIMIZATION_LEVEL = "-Onone";
				SWIFT_VERSION = 3.0;
			};
			name = Debug;
		};
		8A0565261E087C9100E263FA /* Release */ = {
			isa = XCBuildConfiguration;
			baseConfigurationReference = CF7291695794839B0992642F /* Pods-algos.release.xcconfig */;
			buildSettings = {
				ASSETCATALOG_COMPILER_APPICON_NAME = AppIcon;
				CLANG_ENABLE_MODULES = YES;
				DEVELOPMENT_TEAM = UJBSBJQ26X;
				INFOPLIST_FILE = algos/Info.plist;
				LD_RUNPATH_SEARCH_PATHS = "$(inherited) @executable_path/Frameworks";
				PRODUCT_BUNDLE_IDENTIFIER = com.algos;
				PRODUCT_NAME = "$(TARGET_NAME)";
				SWIFT_OBJC_BRIDGING_HEADER = "algos/SWRevealVC/algos-Bridging-Header.h";
				SWIFT_VERSION = 3.0;
			};
			name = Release;
		};
/* End XCBuildConfiguration section */

/* Begin XCConfigurationList section */
		8A05650A1E087C9100E263FA /* Build configuration list for PBXProject "algos" */ = {
			isa = XCConfigurationList;
			buildConfigurations = (
				8A0565221E087C9100E263FA /* Debug */,
				8A0565231E087C9100E263FA /* Release */,
			);
			defaultConfigurationIsVisible = 0;
			defaultConfigurationName = Release;
		};
		8A0565241E087C9100E263FA /* Build configuration list for PBXNativeTarget "algos" */ = {
			isa = XCConfigurationList;
			buildConfigurations = (
				8A0565251E087C9100E263FA /* Debug */,
				8A0565261E087C9100E263FA /* Release */,
			);
			defaultConfigurationIsVisible = 0;
			defaultConfigurationName = Release;
		};
/* End XCConfigurationList section */

/* Begin XCVersionGroup section */
		8A0565191E087C9100E263FA /* algos.xcdatamodeld */ = {
			isa = XCVersionGroup;
			children = (
				8A05651A1E087C9100E263FA /* algos.xcdatamodel */,
			);
			currentVersion = 8A05651A1E087C9100E263FA /* algos.xcdatamodel */;
			path = algos.xcdatamodeld;
			sourceTree = "<group>";
			versionGroupType = wrapper.xcdatamodel;
		};
/* End XCVersionGroup section */
	};
	rootObject = 8A0565071E087C9100E263FA /* Project object */;
}
